
Microsoft Visual Studio Solution File, Format Version 12.00
# Visual Studio Version 17
VisualStudioVersion = 17.8.34525.116
MinimumVisualStudioVersion = 10.0.40219.1
Project("{FAE04EC0-301F-11D3-BF4B-00C04F79EFBC}") = "Week2", "Week2\Week2.csproj", "{7024BD13-3D51-4F2C-AE67-CA39629D57A7}"
EndProject
Project("{FAE04EC0-301F-11D3-BF4B-00C04F79EFBC}") = "UserGenderValidation.", "UserGenderValidation\UserGenderValidation..csproj", "{5F53BA5B-BC5F-45B2-9AAB-B90958CBD6A1}"
EndProject
Project("{FAE04EC0-301F-11D3-BF4B-00C04F79EFBC}") = "UserAgeValidation", "UserAgeValidation\UserAgeValidation.csproj", "{43FF094F-E215-4987-95D9-8328FD1FB8A6}"
EndProject
Global
	GlobalSection(SolutionConfigurationPlatforms) = preSolution
		Debug|Any CPU = Debug|Any CPU
		Release|Any CPU = Release|Any CPU
	EndGlobalSection
	GlobalSection(ProjectConfigurationPlatforms) = postSolution
		{7024BD13-3D51-4F2C-AE67-CA39629D57A7}.Debug|Any CPU.ActiveCfg = Debug|Any CPU
		{7024BD13-3D51-4F2C-AE67-CA39629D57A7}.Debug|Any CPU.Build.0 = Debug|Any CPU
		{7024BD13-3D51-4F2C-AE67-CA39629D57A7}.Release|Any CPU.ActiveCfg = Release|Any CPU
		{7024BD13-3D51-4F2C-AE67-CA39629D57A7}.Release|Any CPU.Build.0 = Release|Any CPU
		{5F53BA5B-BC5F-45B2-9AAB-B90958CBD6A1}.Debug|Any CPU.ActiveCfg = Debug|Any CPU
		{5F53BA5B-BC5F-45B2-9AAB-B90958CBD6A1}.Debug|Any CPU.Build.0 = Debug|Any CPU
		{5F53BA5B-BC5F-45B2-9AAB-B90958CBD6A1}.Release|Any CPU.ActiveCfg = Release|Any CPU
		{5F53BA5B-BC5F-45B2-9AAB-B90958CBD6A1}.Release|Any CPU.Build.0 = Release|Any CPU
		{43FF094F-E215-4987-95D9-8328FD1FB8A6}.Debug|Any CPU.ActiveCfg = Debug|Any CPU
		{43FF094F-E215-4987-95D9-8328FD1FB8A6}.Debug|Any CPU.Build.0 = Debug|Any CPU
		{43FF094F-E215-4987-95D9-8328FD1FB8A6}.Release|Any CPU.ActiveCfg = Release|Any CPU
		{43FF094F-E215-4987-95D9-8328FD1FB8A6}.Release|Any CPU.Build.0 = Release|Any CPU
	EndGlobalSection
	GlobalSection(SolutionProperties) = preSolution
		HideSolutionNode = FALSE
	EndGlobalSection
	GlobalSection(ExtensibilityGlobals) = postSolution
		SolutionGuid = {EB6EFFC0-1C4C-4B66-BC32-7274D8037E1B}
	EndGlobalSection
EndGlobal
